
Microsoft Visual Studio Solution File, Format Version 12.00
# Visual Studio Version 16
VisualStudioVersion = 16.0.31105.61
MinimumVisualStudioVersion = 10.0.40219.1
Project("{8BC9CEB8-8B4A-11D0-8D11-00A0C91BC942}") = "conversion animations ST en long Archi", "conversion animations ST en long Archi.vcxproj", "{FA3B6C0A-1E29-494C-9E0B-D238A324B07A}"
EndProject
Global
	GlobalSection(SolutionConfigurationPlatforms) = preSolution
		Debug|x64 = Debug|x64
		Debug|x86 = Debug|x86
		Release|x64 = Release|x64
		Release|x86 = Release|x86
	EndGlobalSection
	GlobalSection(ProjectConfigurationPlatforms) = postSolution
		{FA3B6C0A-1E29-494C-9E0B-D238A324B07A}.Debug|x64.ActiveCfg = Debug|x64
		{FA3B6C0A-1E29-494C-9E0B-D238A324B07A}.Debug|x64.Build.0 = Debug|x64
		{FA3B6C0A-1E29-494C-9E0B-D238A324B07A}.Debug|x86.ActiveCfg = Debug|Win32
		{FA3B6C0A-1E29-494C-9E0B-D238A324B07A}.Debug|x86.Build.0 = Debug|Win32
		{FA3B6C0A-1E29-494C-9E0B-D238A324B07A}.Release|x64.ActiveCfg = Release|x64
		{FA3B6C0A-1E29-494C-9E0B-D238A324B07A}.Release|x64.Build.0 = Release|x64
		{FA3B6C0A-1E29-494C-9E0B-D238A324B07A}.Release|x86.ActiveCfg = Release|Win32
		{FA3B6C0A-1E29-494C-9E0B-D238A324B07A}.Release|x86.Build.0 = Release|Win32
	EndGlobalSection
	GlobalSection(SolutionProperties) = preSolution
		HideSolutionNode = FALSE
	EndGlobalSection
	GlobalSection(ExtensibilityGlobals) = postSolution
		SolutionGuid = {3C9DC354-25D0-4D6F-A438-995FCF0556E7}
	EndGlobalSection
EndGlobal
